
Microsoft Visual Studio Solution File, Format Version 12.00
# Visual Studio Version 17
VisualStudioVersion = 17.10.35122.118
MinimumVisualStudioVersion = 10.0.40219.1
Project("{2150E333-8FDC-42A3-9474-1A3956D46DE8}") = "src", "src", "{C37F3B2E-B856-4184-9607-5C19FE5B9A21}"
EndProject
Project("{9A19103F-16F7-4668-BE54-9A1E7A4F7556}") = "Domain", "src\Domain\Domain.csproj", "{C8B22BE2-E832-4EE1-A44F-6D46AD54D4DF}"
EndProject
Project("{2150E333-8FDC-42A3-9474-1A3956D46DE8}") = "Solution Items", "Solution Items", "{DD2F4F84-4667-4349-BD20-8392320BF532}"
	ProjectSection(SolutionItems) = preProject
		.editorconfig = .editorconfig
		GlobalSuppressions.cs = GlobalSuppressions.cs
	EndProjectSection
EndProject
Project("{9A19103F-16F7-4668-BE54-9A1E7A4F7556}") = "Application", "src\Application\Application.csproj", "{14C6C0A6-DA68-48E0-A14A-DC58D5D7CB55}"
EndProject
Project("{FAE04EC0-301F-11D3-BF4B-00C04F79EFBC}") = "Infrastructure", "src\Infrastructure\Infrastructure.csproj", "{3DBD54E9-835B-4239-ABDD-9C3C4F1CCA4F}"
EndProject
Global
	GlobalSection(SolutionConfigurationPlatforms) = preSolution
		Debug|Any CPU = Debug|Any CPU
		Release|Any CPU = Release|Any CPU
	EndGlobalSection
	GlobalSection(ProjectConfigurationPlatforms) = postSolution
		{C8B22BE2-E832-4EE1-A44F-6D46AD54D4DF}.Debug|Any CPU.ActiveCfg = Debug|Any CPU
		{C8B22BE2-E832-4EE1-A44F-6D46AD54D4DF}.Debug|Any CPU.Build.0 = Debug|Any CPU
		{C8B22BE2-E832-4EE1-A44F-6D46AD54D4DF}.Release|Any CPU.ActiveCfg = Release|Any CPU
		{C8B22BE2-E832-4EE1-A44F-6D46AD54D4DF}.Release|Any CPU.Build.0 = Release|Any CPU
		{14C6C0A6-DA68-48E0-A14A-DC58D5D7CB55}.Debug|Any CPU.ActiveCfg = Debug|Any CPU
		{14C6C0A6-DA68-48E0-A14A-DC58D5D7CB55}.Debug|Any CPU.Build.0 = Debug|Any CPU
		{14C6C0A6-DA68-48E0-A14A-DC58D5D7CB55}.Release|Any CPU.ActiveCfg = Release|Any CPU
		{14C6C0A6-DA68-48E0-A14A-DC58D5D7CB55}.Release|Any CPU.Build.0 = Release|Any CPU
		{3DBD54E9-835B-4239-ABDD-9C3C4F1CCA4F}.Debug|Any CPU.ActiveCfg = Debug|Any CPU
		{3DBD54E9-835B-4239-ABDD-9C3C4F1CCA4F}.Debug|Any CPU.Build.0 = Debug|Any CPU
		{3DBD54E9-835B-4239-ABDD-9C3C4F1CCA4F}.Release|Any CPU.ActiveCfg = Release|Any CPU
		{3DBD54E9-835B-4239-ABDD-9C3C4F1CCA4F}.Release|Any CPU.Build.0 = Release|Any CPU
	EndGlobalSection
	GlobalSection(SolutionProperties) = preSolution
		HideSolutionNode = FALSE
	EndGlobalSection
	GlobalSection(NestedProjects) = preSolution
		{C8B22BE2-E832-4EE1-A44F-6D46AD54D4DF} = {C37F3B2E-B856-4184-9607-5C19FE5B9A21}
		{14C6C0A6-DA68-48E0-A14A-DC58D5D7CB55} = {C37F3B2E-B856-4184-9607-5C19FE5B9A21}
		{3DBD54E9-835B-4239-ABDD-9C3C4F1CCA4F} = {C37F3B2E-B856-4184-9607-5C19FE5B9A21}
	EndGlobalSection
	GlobalSection(ExtensibilityGlobals) = postSolution
		SolutionGuid = {C9194984-2674-4247-9853-63AE60B25109}
	EndGlobalSection
EndGlobal
